PODS:
  - AMap2DMap (2.5.0)
  - AMapSearch (2.5.0)
  - ASIHTTPRequest (1.8.2):
    - ASIHTTPRequest/ASIWebPageRequest (= 1.8.2)
    - ASIHTTPRequest/CloudFiles (= 1.8.2)
    - ASIHTTPRequest/Core (= 1.8.2)
    - ASIHTTPRequest/S3 (= 1.8.2)
  - ASIHTTPRequest/ASIWebPageRequest (1.8.2):
    - ASIHTTPRequest/Core
  - ASIHTTPRequest/CloudFiles (1.8.2):
    - ASIHTTPRequest/Core
  - ASIHTTPRequest/Core (1.8.2):
    - Reachability
  - ASIHTTPRequest/S3 (1.8.2):
    - ASIHTTPRequest/Core
  - MBProgressHUD (0.9.1)
  - MBProgressHUDExtensions (0.0.1):
    - MBProgressHUD (~> 0.4)
  - MJRefresh (1.4.5)
  - Reachability (3.2)

DEPENDENCIES:
  - AMap2DMap
  - AMapSearch
  - ASIHTTPRequest (~> 1.8.2)
  - MBProgressHUDExtensions (~> 0.0.1)
  - MJRefresh (~> 1.4.5)

SPEC CHECKSUMS:
  AMap2DMap: 4952d35e7d3abdf36a568115bda21bd2b0d65e9b
  AMapSearch: eafa5a749b1078a46f15e6108e88307f78f75e9b
  ASIHTTPRequest: ec013992946676b7978dcbde6396d57312d21db4
  MBProgressHUD: c47f2c166c126cf2ce36498d80f33e754d4e93ad
  MBProgressHUDExtensions: f39a37dcc0bf6c7622470c5f5874116ef86ca22e
  MJRefresh: 4b24394e577ea399fbc926e5b6072317aae2c152
  Reachability: 33e18b67625424e47b6cde6d202dce689ad7af96

COCOAPODS: 0.35.0
